lockfileVersion: '9.0'

settings:
  autoInstallPeers: true
  excludeLinksFromLockfile: false

importers:

  .:
    dependencies:
      some-utils-ts:
        specifier: github:jniac/some-utils-ts
        version: https://codeload.github.com/jniac/some-utils-ts/tar.gz/19478d9d1660fdd6d6362d9bc9ff6423af73bb38
    devDependencies:
      typescript:
        specifier: ^5.5.4
        version: 5.5.4

packages:

  some-utils-ts@https://codeload.github.com/jniac/some-utils-ts/tar.gz/19478d9d1660fdd6d6362d9bc9ff6423af73bb38:
    resolution: {tarball: https://codeload.github.com/jniac/some-utils-ts/tar.gz/19478d9d1660fdd6d6362d9bc9ff6423af73bb38}
    version: 1.0.0

  typescript@5.5.4:
    resolution: {integrity: sha512-Mtq29sKDAEYP7aljRgtPOpTvOfbwRWlS6dPRzwjdE+C0R4brX/GUyhHSecbHMFLNBLcJIPt9nl9yG5TZ1weH+Q==}
    engines: {node: '>=14.17'}
    hasBin: true

snapshots:

  some-utils-ts@https://codeload.github.com/jniac/some-utils-ts/tar.gz/19478d9d1660fdd6d6362d9bc9ff6423af73bb38: {}

  typescript@5.5.4: {}
